
Microsoft Visual Studio Solution File, Format Version 12.00
# Visual Studio 15
VisualStudioVersion = 15.0.28307.1778
MinimumVisualStudioVersion = 10.0.40219.1
Project("{FAE04EC0-301F-11D3-BF4B-00C04F79EFBC}") = "PeronsalSite2", "PeronsalSite2\PeronsalSite2.csproj", "{F8AF0EDC-CF14-4C5D-BDB7-7487FCE91148}"
EndProject
Global
	GlobalSection(SolutionConfigurationPlatforms) = preSolution
		Debug|Any CPU = Debug|Any CPU
		Release|Any CPU = Release|Any CPU
	EndGlobalSection
	GlobalSection(ProjectConfigurationPlatforms) = postSolution
		{F8AF0EDC-CF14-4C5D-BDB7-7487FCE91148}.Debug|Any CPU.ActiveCfg = Debug|Any CPU
		{F8AF0EDC-CF14-4C5D-BDB7-7487FCE91148}.Debug|Any CPU.Build.0 = Debug|Any CPU
		{F8AF0EDC-CF14-4C5D-BDB7-7487FCE91148}.Release|Any CPU.ActiveCfg = Release|Any CPU
		{F8AF0EDC-CF14-4C5D-BDB7-7487FCE91148}.Release|Any CPU.Build.0 = Release|Any CPU
	EndGlobalSection
	GlobalSection(SolutionProperties) = preSolution
		HideSolutionNode = FALSE
	EndGlobalSection
	GlobalSection(ExtensibilityGlobals) = postSolution
		SolutionGuid = {A1DBA40B-E38B-4CD6-AC59-9E979BDF68E8}
	EndGlobalSection
EndGlobal
